# This file is automatically @generated by Cargo.
# It is not intended for manual editing.
version = 3

[[package]]
name = "cond_utils"
version = "0.1.0"
source = "registry+https://github.com/rust-lang/crates.io-index"
checksum = "f9f40e034e89ee41e710c37288a3198e654433acb8c0960eb3dc64976ec1a2d2"

[[package]]
name = "day-4"
version = "0.1.0"
dependencies = [
 "cond_utils",
]
